
Microsoft Visual Studio Solution File, Format Version 12.00
# Visual Studio 15
VisualStudioVersion = 15.0.27703.2035
MinimumVisualStudioVersion = 10.0.40219.1
Project("{FAE04EC0-301F-11D3-BF4B-00C04F79EFBC}") = "CodingChallenge", "CodingChallenge\CodingChallenge.csproj", "{BC039885-A9F0-411C-B297-DC8776FBE23F}"
EndProject
Project("{FAE04EC0-301F-11D3-BF4B-00C04F79EFBC}") = "CodingChallengeTests", "CodingChallengeTests\CodingChallengeTests.csproj", "{EAE9D1B9-B8A4-44EF-8465-0BFC7657A902}"
EndProject
Global
	GlobalSection(SolutionConfigurationPlatforms) = preSolution
		Debug|Any CPU = Debug|Any CPU
		Release|Any CPU = Release|Any CPU
	EndGlobalSection
	GlobalSection(ProjectConfigurationPlatforms) = postSolution
		{BC039885-A9F0-411C-B297-DC8776FBE23F}.Debug|Any CPU.ActiveCfg = Debug|Any CPU
		{BC039885-A9F0-411C-B297-DC8776FBE23F}.Debug|Any CPU.Build.0 = Debug|Any CPU
		{BC039885-A9F0-411C-B297-DC8776FBE23F}.Release|Any CPU.ActiveCfg = Release|Any CPU
		{BC039885-A9F0-411C-B297-DC8776FBE23F}.Release|Any CPU.Build.0 = Release|Any CPU
		{EAE9D1B9-B8A4-44EF-8465-0BFC7657A902}.Debug|Any CPU.ActiveCfg = Debug|Any CPU
		{EAE9D1B9-B8A4-44EF-8465-0BFC7657A902}.Debug|Any CPU.Build.0 = Debug|Any CPU
		{EAE9D1B9-B8A4-44EF-8465-0BFC7657A902}.Release|Any CPU.ActiveCfg = Release|Any CPU
		{EAE9D1B9-B8A4-44EF-8465-0BFC7657A902}.Release|Any CPU.Build.0 = Release|Any CPU
	EndGlobalSection
	GlobalSection(SolutionProperties) = preSolution
		HideSolutionNode = FALSE
	EndGlobalSection
	GlobalSection(ExtensibilityGlobals) = postSolution
		SolutionGuid = {3BB00D6E-14EA-4112-A2B1-2DEDBBBFDFF1}
	EndGlobalSection
EndGlobal
